
Microsoft Visual Studio Solution File, Format Version 12.00
# Visual Studio Version 16
VisualStudioVersion = 16.0.31019.35
MinimumVisualStudioVersion = 10.0.40219.1
Project("{FAE04EC0-301F-11D3-BF4B-00C04F79EFBC}") = "QuasarAdminSys", "QuasarAdminSys.csproj", "{5A077752-DED2-41DF-98AE-F2D7499BB47D}"
EndProject
Project("{FAE04EC0-301F-11D3-BF4B-00C04F79EFBC}") = "QASServer", "..\QASServer\QASServer.csproj", "{37AE03F2-9E34-4AF9-AB62-E99557551D6B}"
EndProject
Global
	GlobalSection(SolutionConfigurationPlatforms) = preSolution
		Debug|Any CPU = Debug|Any CPU
		Release|Any CPU = Release|Any CPU
	EndGlobalSection
	GlobalSection(ProjectConfigurationPlatforms) = postSolution
		{5A077752-DED2-41DF-98AE-F2D7499BB47D}.Debug|Any CPU.ActiveCfg = Debug|Any CPU
		{5A077752-DED2-41DF-98AE-F2D7499BB47D}.Debug|Any CPU.Build.0 = Debug|Any CPU
		{5A077752-DED2-41DF-98AE-F2D7499BB47D}.Release|Any CPU.ActiveCfg = Release|Any CPU
		{5A077752-DED2-41DF-98AE-F2D7499BB47D}.Release|Any CPU.Build.0 = Release|Any CPU
		{37AE03F2-9E34-4AF9-AB62-E99557551D6B}.Debug|Any CPU.ActiveCfg = Debug|Any CPU
		{37AE03F2-9E34-4AF9-AB62-E99557551D6B}.Debug|Any CPU.Build.0 = Debug|Any CPU
		{37AE03F2-9E34-4AF9-AB62-E99557551D6B}.Release|Any CPU.ActiveCfg = Release|Any CPU
		{37AE03F2-9E34-4AF9-AB62-E99557551D6B}.Release|Any CPU.Build.0 = Release|Any CPU
	EndGlobalSection
	GlobalSection(SolutionProperties) = preSolution
		HideSolutionNode = FALSE
	EndGlobalSection
	GlobalSection(ExtensibilityGlobals) = postSolution
		SolutionGuid = {75227FE9-2ABE-44AA-B73B-F09BBB443338}
	EndGlobalSection
EndGlobal
